// !$*UTF8*$!
{
	archiveVersion = 1;
	classes = {
	};
	objectVersion = 46;
	objects = {

/* Begin PBXBuildFile section */
		2D23AE4AB73DB466560BA640 /* Pods_KadequartTests.framework in Frameworks */ = {isa = PBXBuildFile; fileRef = A346000981B15C262CA730A7 /* Pods_KadequartTests.framework */; };
		390D28061D43487900B7ED15 /* Wallet.swift in Sources */ = {isa = PBXBuildFile; fileRef = 390D28051D43487900B7ED15 /* Wallet.swift */; };
		390D28081D4348C300B7ED15 /* Entity.swift in Sources */ = {isa = PBXBuildFile; fileRef = 390D28071D4348C300B7ED15 /* Entity.swift */; };
		390D28101D43574700B7ED15 /* HomeController.swift in Sources */ = {isa = PBXBuildFile; fileRef = 390D280F1D43574700B7ED15 /* HomeController.swift */; };
		390D28131D435BD100B7ED15 /* SettingsController.swift in Sources */ = {isa = PBXBuildFile; fileRef = 390D28121D435BD100B7ED15 /* SettingsController.swift */; };
		390D28161D4362D100B7ED15 /* EditController.swift in Sources */ = {isa = PBXBuildFile; fileRef = 390D28151D4362D100B7ED15 /* EditController.swift */; };
		392A32681D3382E50088B290 /* Assets.xcassets in Resources */ = {isa = PBXBuildFile; fileRef = 392A325E1D3382E50088B290 /* Assets.xcassets */; };
		392A32691D3382E50088B290 /* LaunchScreen.storyboard in Resources */ = {isa = PBXBuildFile; fileRef = 392A325F1D3382E50088B290 /* LaunchScreen.storyboard */; };
		392A326A1D3382E50088B290 /* Main.storyboard in Resources */ = {isa = PBXBuildFile; fileRef = 392A32611D3382E50088B290 /* Main.storyboard */; };
		392A326B1D3382E50088B290 /* AppDelegate.swift in Sources */ = {isa = PBXBuildFile; fileRef = 392A32641D3382E50088B290 /* AppDelegate.swift */; };
		393631B91D437DD5003E50E9 /* Formatter.swift in Sources */ = {isa = PBXBuildFile; fileRef = 393631B81D437DD5003E50E9 /* Formatter.swift */; };
		39B89A9A1D36624200502630 /* App.swift in Sources */ = {isa = PBXBuildFile; fileRef = 39B89A991D36624200502630 /* App.swift */; };
		39B89AA01D36658200502630 /* AppColors.swift in Sources */ = {isa = PBXBuildFile; fileRef = 39B89A9F1D36658200502630 /* AppColors.swift */; };
		39B89AA21D3665C700502630 /* Appearance.swift in Sources */ = {isa = PBXBuildFile; fileRef = 39B89AA11D3665C700502630 /* Appearance.swift */; };
		39E57CD21D338288003158D8 /* KadequartTests.swift in Sources */ = {isa = PBXBuildFile; fileRef = 39E57CD11D338288003158D8 /* KadequartTests.swift */; };
		39E57CDD1D338288003158D8 /* KadequartUITests.swift in Sources */ = {isa = PBXBuildFile; fileRef = 39E57CDC1D338288003158D8 /* KadequartUITests.swift */; };
		BD61A9503A47394EA8A23CC2 /* Pods_KadequartUITests.framework in Frameworks */ = {isa = PBXBuildFile; fileRef = 9DDA6C3628118FD511FC510E /* Pods_KadequartUITests.framework */; };
		D1999AE203FA7919AB5856CB /* Pods_Kadequart.framework in Frameworks */ = {isa = PBXBuildFile; fileRef = 59F2C4B266B80976BB97A5BF /* Pods_Kadequart.framework */; };
/* End PBXBuildFile section */

/* Begin PBXContainerItemProxy section */
		39E57CCE1D338288003158D8 /* PBXContainerItemProxy */ = {
			isa = PBXContainerItemProxy;
			containerPortal = 39E57CB11D338287003158D8 /* Project object */;
			proxyType = 1;
			remoteGlobalIDString = 39E57CB81D338287003158D8;
			remoteInfo = Kadequart;
		};
		39E57CD91D338288003158D8 /* PBXContainerItemProxy */ = {
			isa = PBXContainerItemProxy;
			containerPortal = 39E57CB11D338287003158D8 /* Project object */;
			proxyType = 1;
			remoteGlobalIDString = 39E57CB81D338287003158D8;
			remoteInfo = Kadequart;
		};
/* End PBXContainerItemProxy section */

/* Begin PBXFileReference section */
		23826F6C2EC7E1CECD4B41B8 /* Pods-KadequartUITests.release.xcconfig */ = {isa = PBXFileReference; includeInIndex = 1; lastKnownFileType = text.xcconfig; name = "Pods-KadequartUITests.release.xcconfig"; path = "Pods/Target Support Files/Pods-KadequartUITests/Pods-KadequartUITests.release.xcconfig"; sourceTree = "<group>"; };
		3475096043E147B8EE5D1FDF /* Pods-Kadequart.release.xcconfig */ = {isa = PBXFileReference; includeInIndex = 1; lastKnownFileType = text.xcconfig; name = "Pods-Kadequart.release.xcconfig"; path = "Pods/Target Support Files/Pods-Kadequart/Pods-Kadequart.release.xcconfig"; sourceTree = "<group>"; };
		390D28051D43487900B7ED15 /* Wallet.swift */ = {isa = PBXFileReference; fileEncoding = 4; lastKnownFileType = sourcecode.swift; path = Wallet.swift; sourceTree = "<group>"; };
		390D28071D4348C300B7ED15 /* Entity.swift */ = {isa = PBXFileReference; fileEncoding = 4; lastKnownFileType = sourcecode.swift; path = Entity.swift; sourceTree = "<group>"; };
		390D280F1D43574700B7ED15 /* HomeController.swift */ = {isa = PBXFileReference; fileEncoding = 4; lastKnownFileType = sourcecode.swift; path = HomeController.swift; sourceTree = "<group>"; };
		390D28121D435BD100B7ED15 /* SettingsController.swift */ = {isa = PBXFileReference; fileEncoding = 4; lastKnownFileType = sourcecode.swift; path = SettingsController.swift; sourceTree = "<group>"; };
		390D28151D4362D100B7ED15 /* EditController.swift */ = {isa = PBXFileReference; fileEncoding = 4; lastKnownFileType = sourcecode.swift; path = EditController.swift; sourceTree = "<group>"; };
		392A325E1D3382E50088B290 /* Assets.xcassets */ = {isa = PBXFileReference; lastKnownFileType = folder.assetcatalog; path = Assets.xcassets; sourceTree = "<group>"; };
		392A32601D3382E50088B290 /* Base */ = {isa = PBXFileReference; lastKnownFileType = file.storyboard; name = Base; path = Base.lproj/LaunchScreen.storyboard; sourceTree = "<group>"; };
		392A32621D3382E50088B290 /* Base */ = {isa = PBXFileReference; lastKnownFileType = file.storyboard; name = Base; path = Base.lproj/Main.storyboard; sourceTree = "<group>"; };
		392A32641D3382E50088B290 /* AppDelegate.swift */ = {isa = PBXFileReference; fileEncoding = 4; lastKnownFileType = sourcecode.swift; path = AppDelegate.swift; sourceTree = "<group>"; };
		392A32671D3382E50088B290 /* Info.plist */ = {isa = PBXFileReference; fileEncoding = 4; lastKnownFileType = text.plist.xml; path = Info.plist; sourceTree = "<group>"; };
		393631B81D437DD5003E50E9 /* Formatter.swift */ = {isa = PBXFileReference; fileEncoding = 4; lastKnownFileType = sourcecode.swift; path = Formatter.swift; sourceTree = "<group>"; };
		39B89A991D36624200502630 /* App.swift */ = {isa = PBXFileReference; fileEncoding = 4; lastKnownFileType = sourcecode.swift; path = App.swift; sourceTree = "<group>"; };
		39B89A9F1D36658200502630 /* AppColors.swift */ = {isa = PBXFileReference; fileEncoding = 4; lastKnownFileType = sourcecode.swift; path = AppColors.swift; sourceTree = "<group>"; };
		39B89AA11D3665C700502630 /* Appearance.swift */ = {isa = PBXFileReference; fileEncoding = 4; lastKnownFileType = sourcecode.swift; path = Appearance.swift; sourceTree = "<group>"; };
		39E57CB91D338287003158D8 /* Kadequart.app */ = {isa = PBXFileReference; explicitFileType = wrapper.application; includeInIndex = 0; path = Kadequart.app; sourceTree = BUILT_PRODUCTS_DIR; };
		39E57CCD1D338288003158D8 /* KadequartTests.xctest */ = {isa = PBXFileReference; explicitFileType = wrapper.cfbundle; includeInIndex = 0; path = KadequartTests.xctest; sourceTree = BUILT_PRODUCTS_DIR; };
		39E57CD11D338288003158D8 /* KadequartTests.swift */ = {isa = PBXFileReference; lastKnownFileType = sourcecode.swift; path = KadequartTests.swift; sourceTree = "<group>"; };
		39E57CD31D338288003158D8 /* Info.plist */ = {isa = PBXFileReference; lastKnownFileType = text.plist.xml; path = Info.plist; sourceTree = "<group>"; };
		39E57CD81D338288003158D8 /* KadequartUITests.xctest */ = {isa = PBXFileReference; explicitFileType = wrapper.cfbundle; includeInIndex = 0; path = KadequartUITests.xctest; sourceTree = BUILT_PRODUCTS_DIR; };
		39E57CDC1D338288003158D8 /* KadequartUITests.swift */ = {isa = PBXFileReference; lastKnownFileType = sourcecode.swift; path = KadequartUITests.swift; sourceTree = "<group>"; };
		39E57CDE1D338288003158D8 /* Info.plist */ = {isa = PBXFileReference; lastKnownFileType = text.plist.xml; path = Info.plist; sourceTree = "<group>"; };
		5178FE78B446D31E87B11CD2 /* Pods-KadequartTests.release.xcconfig */ = {isa = PBXFileReference; includeInIndex = 1; lastKnownFileType = text.xcconfig; name = "Pods-KadequartTests.release.xcconfig"; path = "Pods/Target Support Files/Pods-KadequartTests/Pods-KadequartTests.release.xcconfig"; sourceTree = "<group>"; };
		59F2C4B266B80976BB97A5BF /* Pods_Kadequart.framework */ = {isa = PBXFileReference; explicitFileType = wrapper.framework; includeInIndex = 0; path = Pods_Kadequart.framework; sourceTree = BUILT_PRODUCTS_DIR; };
		9DDA6C3628118FD511FC510E /* Pods_KadequartUITests.framework */ = {isa = PBXFileReference; explicitFileType = wrapper.framework; includeInIndex = 0; path = Pods_KadequartUITests.framework; sourceTree = BUILT_PRODUCTS_DIR; };
		A346000981B15C262CA730A7 /* Pods_KadequartTests.framework */ = {isa = PBXFileReference; explicitFileType = wrapper.framework; includeInIndex = 0; path = Pods_KadequartTests.framework; sourceTree = BUILT_PRODUCTS_DIR; };
		BB95BCDC925EEC80A026313C /* Pods-KadequartTests.debug.xcconfig */ = {isa = PBXFileReference; includeInIndex = 1; lastKnownFileType = text.xcconfig; name = "Pods-KadequartTests.debug.xcconfig"; path = "Pods/Target Support Files/Pods-KadequartTests/Pods-KadequartTests.debug.xcconfig"; sourceTree = "<group>"; };
		C57FED9E74F1075F70A9C933 /* Pods-Kadequart.debug.xcconfig */ = {isa = PBXFileReference; includeInIndex = 1; lastKnownFileType = text.xcconfig; name = "Pods-Kadequart.debug.xcconfig"; path = "Pods/Target Support Files/Pods-Kadequart/Pods-Kadequart.debug.xcconfig"; sourceTree = "<group>"; };
		DA0405CCAD21C845DFC78334 /* Pods-KadequartUITests.debug.xcconfig */ = {isa = PBXFileReference; includeInIndex = 1; lastKnownFileType = text.xcconfig; name = "Pods-KadequartUITests.debug.xcconfig"; path = "Pods/Target Support Files/Pods-KadequartUITests/Pods-KadequartUITests.debug.xcconfig"; sourceTree = "<group>"; };
/* End PBXFileReference section */

/* Begin PBXFrameworksBuildPhase section */
		39E57CB61D338287003158D8 /* Frameworks */ = {
			isa = PBXFrameworksBuildPhase;
			buildActionMask = 2147483647;
			files = (
				D1999AE203FA7919AB5856CB /* Pods_Kadequart.framework in Frameworks */,
			);
			runOnlyForDeploymentPostprocessing = 0;
		};
		39E57CCA1D338288003158D8 /* Frameworks */ = {
			isa = PBXFrameworksBuildPhase;
			buildActionMask = 2147483647;
			files = (
				2D23AE4AB73DB466560BA640 /* Pods_KadequartTests.framework in Frameworks */,
			);
			runOnlyForDeploymentPostprocessing = 0;
		};
		39E57CD51D338288003158D8 /* Frameworks */ = {
			isa = PBXFrameworksBuildPhase;
			buildActionMask = 2147483647;
			files = (
				BD61A9503A47394EA8A23CC2 /* Pods_KadequartUITests.framework in Frameworks */,
			);
			runOnlyForDeploymentPostprocessing = 0;
		};
/* End PBXFrameworksBuildPhase section */

/* Begin PBXGroup section */
		390D28041D43486400B7ED15 /* Entities */ = {
			isa = PBXGroup;
			children = (
				390D28051D43487900B7ED15 /* Wallet.swift */,
				390D28071D4348C300B7ED15 /* Entity.swift */,
			);
			path = Entities;
			sourceTree = "<group>";
		};
		390D280E1D43572600B7ED15 /* Home */ = {
			isa = PBXGroup;
			children = (
				390D280F1D43574700B7ED15 /* HomeController.swift */,
			);
			path = Home;
			sourceTree = "<group>";
		};
		390D28111D435B4600B7ED15 /* Settings */ = {
			isa = PBXGroup;
			children = (
				390D28121D435BD100B7ED15 /* SettingsController.swift */,
			);
			path = Settings;
			sourceTree = "<group>";
		};
		390D28141D4362BB00B7ED15 /* Edit */ = {
			isa = PBXGroup;
			children = (
				390D28151D4362D100B7ED15 /* EditController.swift */,
			);
			path = Edit;
			sourceTree = "<group>";
		};
		392A325D1D3382E50088B290 /* Resources */ = {
			isa = PBXGroup;
			children = (
				392A325E1D3382E50088B290 /* Assets.xcassets */,
				392A325F1D3382E50088B290 /* LaunchScreen.storyboard */,
				392A32611D3382E50088B290 /* Main.storyboard */,
				39B89A9F1D36658200502630 /* AppColors.swift */,
			);
			path = Resources;
			sourceTree = "<group>";
		};
		392A32631D3382E50088B290 /* Shared */ = {
			isa = PBXGroup;
			children = (
				390D28141D4362BB00B7ED15 /* Edit */,
				390D28111D435B4600B7ED15 /* Settings */,
				390D280E1D43572600B7ED15 /* Home */,
				392A32641D3382E50088B290 /* AppDelegate.swift */,
			);
			path = Shared;
			sourceTree = "<group>";
		};
		392A32661D3382E50088B290 /* SupportingFiles */ = {
			isa = PBXGroup;
			children = (
				392A32671D3382E50088B290 /* Info.plist */,
			);
			path = SupportingFiles;
			sourceTree = "<group>";
		};
		393631B71D437DB4003E50E9 /* Utilities */ = {
			isa = PBXGroup;
			children = (
				393631B81D437DD5003E50E9 /* Formatter.swift */,
			);
			path = Utilities;
			sourceTree = "<group>";
		};
		39B89A981D36622B00502630 /* Managers */ = {
			isa = PBXGroup;
			children = (
				39B89A991D36624200502630 /* App.swift */,
				39B89AA11D3665C700502630 /* Appearance.swift */,
			);
			path = Managers;
			sourceTree = "<group>";
		};
		39E57CB01D338287003158D8 = {
			isa = PBXGroup;
			children = (
				39E57CBB1D338287003158D8 /* Kadequart */,
				39E57CD01D338288003158D8 /* KadequartTests */,
				39E57CDB1D338288003158D8 /* KadequartUITests */,
				39E57CBA1D338287003158D8 /* Products */,
				47B217999E8AF0609551D337 /* Pods */,
				479C2B7599918E3521B66A43 /* Frameworks */,
			);
			sourceTree = "<group>";
		};
		39E57CBA1D338287003158D8 /* Products */ = {
			isa = PBXGroup;
			children = (
				39E57CB91D338287003158D8 /* Kadequart.app */,
				39E57CCD1D338288003158D8 /* KadequartTests.xctest */,
				39E57CD81D338288003158D8 /* KadequartUITests.xctest */,
			);
			name = Products;
			sourceTree = "<group>";
		};
		39E57CBB1D338287003158D8 /* Kadequart */ = {
			isa = PBXGroup;
			children = (
				393631B71D437DB4003E50E9 /* Utilities */,
				390D28041D43486400B7ED15 /* Entities */,
				39B89A981D36622B00502630 /* Managers */,
				392A325D1D3382E50088B290 /* Resources */,
				392A32631D3382E50088B290 /* Shared */,
				392A32661D3382E50088B290 /* SupportingFiles */,
			);
			path = Kadequart;
			sourceTree = "<group>";
		};
		39E57CD01D338288003158D8 /* KadequartTests */ = {
			isa = PBXGroup;
			children = (
				39E57CD11D338288003158D8 /* KadequartTests.swift */,
				39E57CD31D338288003158D8 /* Info.plist */,
			);
			path = KadequartTests;
			sourceTree = "<group>";
		};
		39E57CDB1D338288003158D8 /* KadequartUITests */ = {
			isa = PBXGroup;
			children = (
				39E57CDC1D338288003158D8 /* KadequartUITests.swift */,
				39E57CDE1D338288003158D8 /* Info.plist */,
			);
			path = KadequartUITests;
			sourceTree = "<group>";
		};
		479C2B7599918E3521B66A43 /* Frameworks */ = {
			isa = PBXGroup;
			children = (
				59F2C4B266B80976BB97A5BF /* Pods_Kadequart.framework */,
				A346000981B15C262CA730A7 /* Pods_KadequartTests.framework */,
				9DDA6C3628118FD511FC510E /* Pods_KadequartUITests.framework */,
			);
			name = Frameworks;
			sourceTree = "<group>";
		};
		47B217999E8AF0609551D337 /* Pods */ = {
			isa = PBXGroup;
			children = (
				C57FED9E74F1075F70A9C933 /* Pods-Kadequart.debug.xcconfig */,
				3475096043E147B8EE5D1FDF /* Pods-Kadequart.release.xcconfig */,
				BB95BCDC925EEC80A026313C /* Pods-KadequartTests.debug.xcconfig */,
				5178FE78B446D31E87B11CD2 /* Pods-KadequartTests.release.xcconfig */,
				DA0405CCAD21C845DFC78334 /* Pods-KadequartUITests.debug.xcconfig */,
				23826F6C2EC7E1CECD4B41B8 /* Pods-KadequartUITests.release.xcconfig */,
			);
			name = Pods;
			sourceTree = "<group>";
		};
/* End PBXGroup section */

/* Begin PBXNativeTarget section */
		39E57CB81D338287003158D8 /* Kadequart */ = {
			isa = PBXNativeTarget;
			buildConfigurationList = 39E57CE11D338288003158D8 /* Build configuration list for PBXNativeTarget "Kadequart" */;
			buildPhases = (
				25D8B61A5206F9B0B7D6D400 /* [CP] Check Pods Manifest.lock */,
				39E57CB51D338287003158D8 /* Sources */,
				39E57CB61D338287003158D8 /* Frameworks */,
				39E57CB71D338287003158D8 /* Resources */,
				19AA84C2996E471CF2546AD9 /* [CP] Embed Pods Frameworks */,
				FC26214BF6843D3FC5046B39 /* [CP] Copy Pods Resources */,
			);
			buildRules = (
			);
			dependencies = (
			);
			name = Kadequart;
			productName = Kadequart;
			productReference = 39E57CB91D338287003158D8 /* Kadequart.app */;
			productType = "com.apple.product-type.application";
		};
		39E57CCC1D338288003158D8 /* KadequartTests */ = {
			isa = PBXNativeTarget;
			buildConfigurationList = 39E57CE41D338288003158D8 /* Build configuration list for PBXNativeTarget "KadequartTests" */;
			buildPhases = (
				881DC59D0DAF69719B2AC0D7 /* [CP] Check Pods Manifest.lock */,
				39E57CC91D338288003158D8 /* Sources */,
				39E57CCA1D338288003158D8 /* Frameworks */,
				39E57CCB1D338288003158D8 /* Resources */,
				3C49E7FDB4C3AFC2030A9177 /* [CP] Embed Pods Frameworks */,
				3B0F8FDC990079EAB72A6E0D /* [CP] Copy Pods Resources */,
			);
			buildRules = (
			);
			dependencies = (
				39E57CCF1D338288003158D8 /* PBXTargetDependency */,
			);
			name = KadequartTests;
			productName = KadequartTests;
			productReference = 39E57CCD1D338288003158D8 /* KadequartTests.xctest */;
			productType = "com.apple.product-type.bundle.unit-test";
		};
		39E57CD71D338288003158D8 /* KadequartUITests */ = {
			isa = PBXNativeTarget;
			buildConfigurationList = 39E57CE71D338288003158D8 /* Build configuration list for PBXNativeTarget "KadequartUITests" */;
			buildPhases = (
				B1DA0977DD25D85ECF6438E6 /* [CP] Check Pods Manifest.lock */,
				39E57CD41D338288003158D8 /* Sources */,
				39E57CD51D338288003158D8 /* Frameworks */,
				39E57CD61D338288003158D8 /* Resources */,
				93242520E23FDCA6B2EC8F26 /* [CP] Copy Pods Resources */,
			);
			buildRules = (
			);
			dependencies = (
				39E57CDA1D338288003158D8 /* PBXTargetDependency */,
			);
			name = KadequartUITests;
			productName = KadequartUITests;
			productReference = 39E57CD81D338288003158D8 /* KadequartUITests.xctest */;
			productType = "com.apple.product-type.bundle.ui-testing";
		};
/* End PBXNativeTarget section */

/* Begin PBXProject section */
		39E57CB11D338287003158D8 /* Project object */ = {
			isa = PBXProject;
			attributes = {
				LastSwiftUpdateCheck = 0730;
				LastUpgradeCheck = 0730;
				ORGANIZATIONNAME = "Kokel Mekong";
				TargetAttributes = {
					39E57CB81D338287003158D8 = {
						CreatedOnToolsVersion = 7.3;
						DevelopmentTeam = RN2FZSN85J;
					};
					39E57CCC1D338288003158D8 = {
						CreatedOnToolsVersion = 7.3;
						TestTargetID = 39E57CB81D338287003158D8;
					};
					39E57CD71D338288003158D8 = {
						CreatedOnToolsVersion = 7.3;
						TestTargetID = 39E57CB81D338287003158D8;
					};
				};
			};
			buildConfigurationList = 39E57CB41D338287003158D8 /* Build configuration list for PBXProject "Kadequart" */;
			compatibilityVersion = "Xcode 3.2";
			developmentRegion = English;
			hasScannedForEncodings = 0;
			knownRegions = (
				en,
				Base,
			);
			mainGroup = 39E57CB01D338287003158D8;
			productRefGroup = 39E57CBA1D338287003158D8 /* Products */;
			projectDirPath = "";
			projectRoot = "";
			targets = (
				39E57CB81D338287003158D8 /* Kadequart */,
				39E57CCC1D338288003158D8 /* KadequartTests */,
				39E57CD71D338288003158D8 /* KadequartUITests */,
			);
		};
/* End PBXProject section */

/* Begin PBXResourcesBuildPhase section */
		39E57CB71D338287003158D8 /* Resources */ = {
			isa = PBXResourcesBuildPhase;
			buildActionMask = 2147483647;
			files = (
				392A326A1D3382E50088B290 /* Main.storyboard in Resources */,
				392A32681D3382E50088B290 /* Assets.xcassets in Resources */,
				392A32691D3382E50088B290 /* LaunchScreen.storyboard in Resources */,
			);
			runOnlyForDeploymentPostprocessing = 0;
		};
		39E57CCB1D338288003158D8 /* Resources */ = {
			isa = PBXResourcesBuildPhase;
			buildActionMask = 2147483647;
			files = (
			);
			runOnlyForDeploymentPostprocessing = 0;
		};
		39E57CD61D338288003158D8 /* Resources */ = {
			isa = PBXResourcesBuildPhase;
			buildActionMask = 2147483647;
			files = (
			);
			runOnlyForDeploymentPostprocessing = 0;
		};
/* End PBXResourcesBuildPhase section */

/* Begin PBXShellScriptBuildPhase section */
		19AA84C2996E471CF2546AD9 /* [CP] Embed Pods Frameworks */ = {
			isa = PBXShellScriptBuildPhase;
			buildActionMask = 2147483647;
			files = (
			);
			inputPaths = (
			);
			name = "[CP] Embed Pods Frameworks";
			outputPaths = (
			);
			runOnlyForDeploymentPostprocessing = 0;
			shellPath = /bin/sh;
			shellScript = "\"${SRCROOT}/Pods/Target Support Files/Pods-Kadequart/Pods-Kadequart-frameworks.sh\"\n";
			showEnvVarsInLog = 0;
		};
		25D8B61A5206F9B0B7D6D400 /* [CP] Check Pods Manifest.lock */ = {
			isa = PBXShellScriptBuildPhase;
			buildActionMask = 2147483647;
			files = (
			);
			inputPaths = (
			);
			name = "[CP] Check Pods Manifest.lock";
			outputPaths = (
			);
			runOnlyForDeploymentPostprocessing = 0;
			shellPath = /bin/sh;
			shellScript = "diff \"${PODS_ROOT}/../Podfile.lock\" \"${PODS_ROOT}/Manifest.lock\" > /dev/null\nif [[ $? != 0 ]] ; then\n    cat << EOM\nerror: The sandbox is not in sync with the Podfile.lock. Run 'pod install' or update your CocoaPods installation.\nEOM\n    exit 1\nfi\n";
			showEnvVarsInLog = 0;
		};
		3B0F8FDC990079EAB72A6E0D /* [CP] Copy Pods Resources */ = {
			isa = PBXShellScriptBuildPhase;
			buildActionMask = 2147483647;
			files = (
			);
			inputPaths = (
			);
			name = "[CP] Copy Pods Resources";
			outputPaths = (
			);
			runOnlyForDeploymentPostprocessing = 0;
			shellPath = /bin/sh;
			shellScript = "\"${SRCROOT}/Pods/Target Support Files/Pods-KadequartTests/Pods-KadequartTests-resources.sh\"\n";
			showEnvVarsInLog = 0;
		};
		3C49E7FDB4C3AFC2030A9177 /* [CP] Embed Pods Frameworks */ = {
			isa = PBXShellScriptBuildPhase;
			buildActionMask = 2147483647;
			files = (
			);
			inputPaths = (
			);
			name = "[CP] Embed Pods Frameworks";
			outputPaths = (
			);
			runOnlyForDeploymentPostprocessing = 0;
			shellPath = /bin/sh;
			shellScript = "\"${SRCROOT}/Pods/Target Support Files/Pods-KadequartTests/Pods-KadequartTests-frameworks.sh\"\n";
			showEnvVarsInLog = 0;
		};
		881DC59D0DAF69719B2AC0D7 /* [CP] Check Pods Manifest.lock */ = {
			isa = PBXShellScriptBuildPhase;
			buildActionMask = 2147483647;
			files = (
			);
			inputPaths = (
			);
			name = "[CP] Check Pods Manifest.lock";
			outputPaths = (
			);
			runOnlyForDeploymentPostprocessing = 0;
			shellPath = /bin/sh;
			shellScript = "diff \"${PODS_ROOT}/../Podfile.lock\" \"${PODS_ROOT}/Manifest.lock\" > /dev/null\nif [[ $? != 0 ]] ; then\n    cat << EOM\nerror: The sandbox is not in sync with the Podfile.lock. Run 'pod install' or update your CocoaPods installation.\nEOM\n    exit 1\nfi\n";
			showEnvVarsInLog = 0;
		};
		93242520E23FDCA6B2EC8F26 /* [CP] Copy Pods Resources */ = {
			isa = PBXShellScriptBuildPhase;
			buildActionMask = 2147483647;
			files = (
			);
			inputPaths = (
			);
			name = "[CP] Copy Pods Resources";
			outputPaths = (
			);
			runOnlyForDeploymentPostprocessing = 0;
			shellPath = /bin/sh;
			shellScript = "\"${SRCROOT}/Pods/Target Support Files/Pods-KadequartUITests/Pods-KadequartUITests-resources.sh\"\n";
			showEnvVarsInLog = 0;
		};
		B1DA0977DD25D85ECF6438E6 /* [CP] Check Pods Manifest.lock */ = {
			isa = PBXShellScriptBuildPhase;
			buildActionMask = 2147483647;
			files = (
			);
			inputPaths = (
			);
			name = "[CP] Check Pods Manifest.lock";
			outputPaths = (
			);
			runOnlyForDeploymentPostprocessing = 0;
			shellPath = /bin/sh;
			shellScript = "diff \"${PODS_ROOT}/../Podfile.lock\" \"${PODS_ROOT}/Manifest.lock\" > /dev/null\nif [[ $? != 0 ]] ; then\n    cat << EOM\nerror: The sandbox is not in sync with the Podfile.lock. Run 'pod install' or update your CocoaPods installation.\nEOM\n    exit 1\nfi\n";
			showEnvVarsInLog = 0;
		};
		FC26214BF6843D3FC5046B39 /* [CP] Copy Pods Resources */ = {
			isa = PBXShellScriptBuildPhase;
			buildActionMask = 2147483647;
			files = (
			);
			inputPaths = (
			);
			name = "[CP] Copy Pods Resources";
			outputPaths = (
			);
			runOnlyForDeploymentPostprocessing = 0;
			shellPath = /bin/sh;
			shellScript = "\"${SRCROOT}/Pods/Target Support Files/Pods-Kadequart/Pods-Kadequart-resources.sh\"\n";
			showEnvVarsInLog = 0;
		};
/* End PBXShellScriptBuildPhase section */

/* Begin PBXSourcesBuildPhase section */
		39E57CB51D338287003158D8 /* Sources */ = {
			isa = PBXSourcesBuildPhase;
			buildActionMask = 2147483647;
			files = (
				390D28131D435BD100B7ED15 /* SettingsController.swift in Sources */,
				390D28161D4362D100B7ED15 /* EditController.swift in Sources */,
				393631B91D437DD5003E50E9 /* Formatter.swift in Sources */,
				390D28061D43487900B7ED15 /* Wallet.swift in Sources */,
				39B89AA21D3665C700502630 /* Appearance.swift in Sources */,
				390D28081D4348C300B7ED15 /* Entity.swift in Sources */,
				39B89A9A1D36624200502630 /* App.swift in Sources */,
				390D28101D43574700B7ED15 /* HomeController.swift in Sources */,
				39B89AA01D36658200502630 /* AppColors.swift in Sources */,
				392A326B1D3382E50088B290 /* AppDelegate.swift in Sources */,
			);
			runOnlyForDeploymentPostprocessing = 0;
		};
		39E57CC91D338288003158D8 /* Sources */ = {
			isa = PBXSourcesBuildPhase;
			buildActionMask = 2147483647;
			files = (
				39E57CD21D338288003158D8 /* KadequartTests.swift in Sources */,
			);
			runOnlyForDeploymentPostprocessing = 0;
		};
		39E57CD41D338288003158D8 /* Sources */ = {
			isa = PBXSourcesBuildPhase;
			buildActionMask = 2147483647;
			files = (
				39E57CDD1D338288003158D8 /* KadequartUITests.swift in Sources */,
			);
			runOnlyForDeploymentPostprocessing = 0;
		};
/* End PBXSourcesBuildPhase section */

/* Begin PBXTargetDependency section */
		39E57CCF1D338288003158D8 /* PBXTargetDependency */ = {
			isa = PBXTargetDependency;
			target = 39E57CB81D338287003158D8 /* Kadequart */;
			targetProxy = 39E57CCE1D338288003158D8 /* PBXContainerItemProxy */;
		};
		39E57CDA1D338288003158D8 /* PBXTargetDependency */ = {
			isa = PBXTargetDependency;
			target = 39E57CB81D338287003158D8 /* Kadequart */;
			targetProxy = 39E57CD91D338288003158D8 /* PBXContainerItemProxy */;
		};
/* End PBXTargetDependency section */

/* Begin PBXVariantGroup section */
		392A325F1D3382E50088B290 /* LaunchScreen.storyboard */ = {
			isa = PBXVariantGroup;
			children = (
				392A32601D3382E50088B290 /* Base */,
			);
			name = LaunchScreen.storyboard;
			sourceTree = "<group>";
		};
		392A32611D3382E50088B290 /* Main.storyboard */ = {
			isa = PBXVariantGroup;
			children = (
				392A32621D3382E50088B290 /* Base */,
			);
			name = Main.storyboard;
			sourceTree = "<group>";
		};
/* End PBXVariantGroup section */

/* Begin XCBuildConfiguration section */
		39E57CDF1D338288003158D8 /* Debug */ = {
			isa = XCBuildConfiguration;
			buildSettings = {
				ALWAYS_SEARCH_USER_PATHS = NO;
				CLANG_ANALYZER_NONNULL = YES;
				CLANG_CXX_LANGUAGE_STANDARD = "gnu++0x";
				CLANG_CXX_LIBRARY = "libc++";
				CLANG_ENABLE_MODULES = YES;
				CLANG_ENABLE_OBJC_ARC = YES;
				CLANG_WARN_BOOL_CONVERSION = YES;
				CLANG_WARN_CONSTANT_CONVERSION = YES;
				CLANG_WARN_DIRECT_OBJC_ISA_USAGE = YES_ERROR;
				CLANG_WARN_EMPTY_BODY = YES;
				CLANG_WARN_ENUM_CONVERSION = YES;
				CLANG_WARN_INT_CONVERSION = YES;
				CLANG_WARN_OBJC_ROOT_CLASS = YES_ERROR;
				CLANG_WARN_UNREACHABLE_CODE = YES;
				CLANG_WARN__DUPLICATE_METHOD_MATCH = YES;
				"CODE_SIGN_IDENTITY[sdk=iphoneos*]" = "iPhone Developer";
				COPY_PHASE_STRIP = NO;
				DEBUG_INFORMATION_FORMAT = dwarf;
				ENABLE_STRICT_OBJC_MSGSEND = YES;
				ENABLE_TESTABILITY = YES;
				GCC_C_LANGUAGE_STANDARD = gnu99;
				GCC_DYNAMIC_NO_PIC = NO;
				GCC_NO_COMMON_BLOCKS = YES;
				GCC_OPTIMIZATION_LEVEL = 0;
				GCC_PREPROCESSOR_DEFINITIONS = (
					"DEBUG=1",
					"$(inherited)",
				);
				GCC_WARN_64_TO_32_BIT_CONVERSION = YES;
				GCC_WARN_ABOUT_RETURN_TYPE = YES_ERROR;
				GCC_WARN_UNDECLARED_SELECTOR = YES;
				GCC_WARN_UNINITIALIZED_AUTOS = YES_AGGRESSIVE;
				GCC_WARN_UNUSED_FUNCTION = YES;
				GCC_WARN_UNUSED_VARIABLE = YES;
				IPHONEOS_DEPLOYMENT_TARGET = 9.3;
				MTL_ENABLE_DEBUG_INFO = YES;
				ONLY_ACTIVE_ARCH = YES;
				SDKROOT = iphoneos;
				SWIFT_OPTIMIZATION_LEVEL = "-Onone";
				TARGETED_DEVICE_FAMILY = "1,2";
			};
			name = Debug;
		};
		39E57CE01D338288003158D8 /* Release */ = {
			isa = XCBuildConfiguration;
			buildSettings = {
				ALWAYS_SEARCH_USER_PATHS = NO;
				CLANG_ANALYZER_NONNULL = YES;
				CLANG_CXX_LANGUAGE_STANDARD = "gnu++0x";
				CLANG_CXX_LIBRARY = "libc++";
				CLANG_ENABLE_MODULES = YES;
				CLANG_ENABLE_OBJC_ARC = YES;
				CLANG_WARN_BOOL_CONVERSION = YES;
				CLANG_WARN_CONSTANT_CONVERSION = YES;
				CLANG_WARN_DIRECT_OBJC_ISA_USAGE = YES_ERROR;
				CLANG_WARN_EMPTY_BODY = YES;
				CLANG_WARN_ENUM_CONVERSION = YES;
				CLANG_WARN_INT_CONVERSION = YES;
				CLANG_WARN_OBJC_ROOT_CLASS = YES_ERROR;
				CLANG_WARN_UNREACHABLE_CODE = YES;
				CLANG_WARN__DUPLICATE_METHOD_MATCH = YES;
				"CODE_SIGN_IDENTITY[sdk=iphoneos*]" = "iPhone Developer";
				COPY_PHASE_STRIP = NO;
				DEBUG_INFORMATION_FORMAT = "dwarf-with-dsym";
				ENABLE_NS_ASSERTIONS = NO;
				ENABLE_STRICT_OBJC_MSGSEND = YES;
				GCC_C_LANGUAGE_STANDARD = gnu99;
				GCC_NO_COMMON_BLOCKS = YES;
				GCC_WARN_64_TO_32_BIT_CONVERSION = YES;
				GCC_WARN_ABOUT_RETURN_TYPE = YES_ERROR;
				GCC_WARN_UNDECLARED_SELECTOR = YES;
				GCC_WARN_UNINITIALIZED_AUTOS = YES_AGGRESSIVE;
				GCC_WARN_UNUSED_FUNCTION = YES;
				GCC_WARN_UNUSED_VARIABLE = YES;
				IPHONEOS_DEPLOYMENT_TARGET = 9.3;
				MTL_ENABLE_DEBUG_INFO = NO;
				SDKROOT = iphoneos;
				TARGETED_DEVICE_FAMILY = "1,2";
				VALIDATE_PRODUCT = YES;
			};
			name = Release;
		};
		39E57CE21D338288003158D8 /* Debug */ = {
			isa = XCBuildConfiguration;
			baseConfigurationReference = C57FED9E74F1075F70A9C933 /* Pods-Kadequart.debug.xcconfig */;
			buildSettings = {
				ASSETCATALOG_COMPILER_APPICON_NAME = AppIcon;
				CODE_SIGN_IDENTITY = "iPhone Developer";
				INFOPLIST_FILE = "$(SRCROOT)/Kadequart/SupportingFiles/Info.plist";
				LD_RUNPATH_SEARCH_PATHS = "$(inherited) @executable_path/Frameworks";
				PRODUCT_BUNDLE_IDENTIFIER = com.kokel.mekong.Kadequart;
				PRODUCT_NAME = "$(TARGET_NAME)";
			};
			name = Debug;
		};
		39E57CE31D338288003158D8 /* Release */ = {
			isa = XCBuildConfiguration;
			baseConfigurationReference = 3475096043E147B8EE5D1FDF /* Pods-Kadequart.release.xcconfig */;
			buildSettings = {
				ASSETCATALOG_COMPILER_APPICON_NAME = AppIcon;
				CODE_SIGN_IDENTITY = "iPhone Developer";
				INFOPLIST_FILE = "$(SRCROOT)/Kadequart/SupportingFiles/Info.plist";
				LD_RUNPATH_SEARCH_PATHS = "$(inherited) @executable_path/Frameworks";
				PRODUCT_BUNDLE_IDENTIFIER = com.kokel.mekong.Kadequart;
				PRODUCT_NAME = "$(TARGET_NAME)";
			};
			name = Release;
		};
		39E57CE51D338288003158D8 /* Debug */ = {
			isa = XCBuildConfiguration;
			baseConfigurationReference = BB95BCDC925EEC80A026313C /* Pods-KadequartTests.debug.xcconfig */;
			buildSettings = {
				BUNDLE_LOADER = "$(TEST_HOST)";
				INFOPLIST_FILE = KadequartTests/Info.plist;
				LD_RUNPATH_SEARCH_PATHS = "$(inherited) @executable_path/Frameworks @loader_path/Frameworks";
				PRODUCT_BUNDLE_IDENTIFIER = com.kokel.mekong.KadequartTests;
				PRODUCT_NAME = "$(TARGET_NAME)";
				TEST_HOST = "$(BUILT_PRODUCTS_DIR)/Kadequart.app/Kadequart";
			};
			name = Debug;
		};
		39E57CE61D338288003158D8 /* Release */ = {
			isa = XCBuildConfiguration;
			baseConfigurationReference = 5178FE78B446D31E87B11CD2 /* Pods-KadequartTests.release.xcconfig */;
			buildSettings = {
				BUNDLE_LOADER = "$(TEST_HOST)";
				INFOPLIST_FILE = KadequartTests/Info.plist;
				LD_RUNPATH_SEARCH_PATHS = "$(inherited) @executable_path/Frameworks @loader_path/Frameworks";
				PRODUCT_BUNDLE_IDENTIFIER = com.kokel.mekong.KadequartTests;
				PRODUCT_NAME = "$(TARGET_NAME)";
				TEST_HOST = "$(BUILT_PRODUCTS_DIR)/Kadequart.app/Kadequart";
			};
			name = Release;
		};
		39E57CE81D338288003158D8 /* Debug */ = {
			isa = XCBuildConfiguration;
			baseConfigurationReference = DA0405CCAD21C845DFC78334 /* Pods-KadequartUITests.debug.xcconfig */;
			buildSettings = {
				INFOPLIST_FILE = KadequartUITests/Info.plist;
				LD_RUNPATH_SEARCH_PATHS = "$(inherited) @executable_path/Frameworks @loader_path/Frameworks";
				PRODUCT_BUNDLE_IDENTIFIER = com.kokel.mekong.KadequartUITests;
				PRODUCT_NAME = "$(TARGET_NAME)";
				TEST_TARGET_NAME = Kadequart;
			};
			name = Debug;
		};
		39E57CE91D338288003158D8 /* Release */ = {
			isa = XCBuildConfiguration;
			baseConfigurationReference = 23826F6C2EC7E1CECD4B41B8 /* Pods-KadequartUITests.release.xcconfig */;
			buildSettings = {
				INFOPLIST_FILE = KadequartUITests/Info.plist;
				LD_RUNPATH_SEARCH_PATHS = "$(inherited) @executable_path/Frameworks @loader_path/Frameworks";
				PRODUCT_BUNDLE_IDENTIFIER = com.kokel.mekong.KadequartUITests;
				PRODUCT_NAME = "$(TARGET_NAME)";
				TEST_TARGET_NAME = Kadequart;
			};
			name = Release;
		};
/* End XCBuildConfiguration section */

/* Begin XCConfigurationList section */
		39E57CB41D338287003158D8 /* Build configuration list for PBXProject "Kadequart" */ = {
			isa = XCConfigurationList;
			buildConfigurations = (
				39E57CDF1D338288003158D8 /* Debug */,
				39E57CE01D338288003158D8 /* Release */,
			);
			defaultConfigurationIsVisible = 0;
			defaultConfigurationName = Release;
		};
		39E57CE11D338288003158D8 /* Build configuration list for PBXNativeTarget "Kadequart" */ = {
			isa = XCConfigurationList;
			buildConfigurations = (
				39E57CE21D338288003158D8 /* Debug */,
				39E57CE31D338288003158D8 /* Release */,
			);
			defaultConfigurationIsVisible = 0;
			defaultConfigurationName = Release;
		};
		39E57CE41D338288003158D8 /* Build configuration list for PBXNativeTarget "KadequartTests" */ = {
			isa = XCConfigurationList;
			buildConfigurations = (
				39E57CE51D338288003158D8 /* Debug */,
				39E57CE61D338288003158D8 /* Release */,
			);
			defaultConfigurationIsVisible = 0;
			defaultConfigurationName = Release;
		};
		39E57CE71D338288003158D8 /* Build configuration list for PBXNativeTarget "KadequartUITests" */ = {
			isa = XCConfigurationList;
			buildConfigurations = (
				39E57CE81D338288003158D8 /* Debug */,
				39E57CE91D338288003158D8 /* Release */,
			);
			defaultConfigurationIsVisible = 0;
			defaultConfigurationName = Release;
		};
/* End XCConfigurationList section */
	};
	rootObject = 39E57CB11D338287003158D8 /* Project object */;
}
